
Microsoft Visual Studio Solution File, Format Version 12.00
# Visual Studio Version 17
VisualStudioVersion = 17.3.32901.215
MinimumVisualStudioVersion = 10.0.40219.1
Project("{FAE04EC0-301F-11D3-BF4B-00C04F79EFBC}") = "addressbook-web-test", "addressbook-web-test.csproj", "{A97BFF36-4AED-4434-BE1B-AFE0FAA4BAFC}"
EndProject
Global
	GlobalSection(SolutionConfigurationPlatforms) = preSolution
		Debug|Any CPU = Debug|Any CPU
		Release|Any CPU = Release|Any CPU
	EndGlobalSection
	GlobalSection(ProjectConfigurationPlatforms) = postSolution
		{A97BFF36-4AED-4434-BE1B-AFE0FAA4BAFC}.Debug|Any CPU.ActiveCfg = Debug|Any CPU
		{A97BFF36-4AED-4434-BE1B-AFE0FAA4BAFC}.Debug|Any CPU.Build.0 = Debug|Any CPU
		{A97BFF36-4AED-4434-BE1B-AFE0FAA4BAFC}.Release|Any CPU.ActiveCfg = Release|Any CPU
		{A97BFF36-4AED-4434-BE1B-AFE0FAA4BAFC}.Release|Any CPU.Build.0 = Release|Any CPU
	EndGlobalSection
	GlobalSection(SolutionProperties) = preSolution
		HideSolutionNode = FALSE
	EndGlobalSection
	GlobalSection(ExtensibilityGlobals) = postSolution
		SolutionGuid = {02EA5948-CC41-4A8C-8BA5-A604B7D8BB01}
	EndGlobalSection
EndGlobal
